
Microsoft Visual Studio Solution File, Format Version 12.00
# Visual Studio Version 17
VisualStudioVersion = 17.4.33205.214
MinimumVisualStudioVersion = 10.0.40219.1
Project("{9A19103F-16F7-4668-BE54-9A1E7A4F7556}") = "MiFramework", "MiFramework\MiFramework.csproj", "{2E5CBB72-5174-44BF-A28E-0D174F867EE4}"
EndProject
Project("{9A19103F-16F7-4668-BE54-9A1E7A4F7556}") = "MiFrameworkTestProject", "MiFrameworkTestProject\MiFrameworkTestProject.csproj", "{D3FBF63F-2F1A-4061-A5EE-34FF1988C674}"
EndProject
Global
	GlobalSection(SolutionConfigurationPlatforms) = preSolution
		Debug|Any CPU = Debug|Any CPU
		Release|Any CPU = Release|Any CPU
	EndGlobalSection
	GlobalSection(ProjectConfigurationPlatforms) = postSolution
		{2E5CBB72-5174-44BF-A28E-0D174F867EE4}.Debug|Any CPU.ActiveCfg = Debug|Any CPU
		{2E5CBB72-5174-44BF-A28E-0D174F867EE4}.Debug|Any CPU.Build.0 = Debug|Any CPU
		{2E5CBB72-5174-44BF-A28E-0D174F867EE4}.Release|Any CPU.ActiveCfg = Release|Any CPU
		{2E5CBB72-5174-44BF-A28E-0D174F867EE4}.Release|Any CPU.Build.0 = Release|Any CPU
		{D3FBF63F-2F1A-4061-A5EE-34FF1988C674}.Debug|Any CPU.ActiveCfg = Debug|Any CPU
		{D3FBF63F-2F1A-4061-A5EE-34FF1988C674}.Debug|Any CPU.Build.0 = Debug|Any CPU
		{D3FBF63F-2F1A-4061-A5EE-34FF1988C674}.Release|Any CPU.ActiveCfg = Release|Any CPU
		{D3FBF63F-2F1A-4061-A5EE-34FF1988C674}.Release|Any CPU.Build.0 = Release|Any CPU
	EndGlobalSection
	GlobalSection(SolutionProperties) = preSolution
		HideSolutionNode = FALSE
	EndGlobalSection
	GlobalSection(ExtensibilityGlobals) = postSolution
		SolutionGuid = {4A546FF8-87DD-4331-9F3D-B1DC66CB04EC}
	EndGlobalSection
EndGlobal
